
Microsoft Visual Studio Solution File, Format Version 12.00
# Visual Studio 15
VisualStudioVersion = 15.0.26124.0
MinimumVisualStudioVersion = 15.0.26124.0
Project("{FAE04EC0-301F-11D3-BF4B-00C04F79EFBC}") = "MyCommunity.API", "MyCommunity.API\MyCommunity.API.csproj", "{D533A475-38F2-409E-B962-B395950F8C8C}"
EndProject
Project("{FAE04EC0-301F-11D3-BF4B-00C04F79EFBC}") = "MyCommunity.APITest", "MyCommunity.APITest\MyCommunity.APITest.csproj", "{C404AAE2-630C-4518-8E83-9FB68A39D417}"
EndProject
Project("{FAE04EC0-301F-11D3-BF4B-00C04F79EFBC}") = "MyCommunity.DAL", "MyCommunity.DAL\MyCommunity.DAL.csproj", "{70C7CE73-A1C9-4E05-8C17-F28804C32B44}"
EndProject
Project("{FAE04EC0-301F-11D3-BF4B-00C04F79EFBC}") = "MyCommunity.Utility", "MyCommunity.Utility\MyCommunity.Utility.csproj", "{DB575C86-220D-4B52-9F5A-FD49D300F44C}"
EndProject
Global
	GlobalSection(SolutionConfigurationPlatforms) = preSolution
		Debug|Any CPU = Debug|Any CPU
		Debug|x64 = Debug|x64
		Debug|x86 = Debug|x86
		Release|Any CPU = Release|Any CPU
		Release|x64 = Release|x64
		Release|x86 = Release|x86
	EndGlobalSection
	GlobalSection(SolutionProperties) = preSolution
		HideSolutionNode = FALSE
	EndGlobalSection
	GlobalSection(ProjectConfigurationPlatforms) = postSolution
		{D533A475-38F2-409E-B962-B395950F8C8C}.Debug|Any CPU.ActiveCfg = Debug|Any CPU
		{D533A475-38F2-409E-B962-B395950F8C8C}.Debug|Any CPU.Build.0 = Debug|Any CPU
		{D533A475-38F2-409E-B962-B395950F8C8C}.Debug|x64.ActiveCfg = Debug|Any CPU
		{D533A475-38F2-409E-B962-B395950F8C8C}.Debug|x64.Build.0 = Debug|Any CPU
		{D533A475-38F2-409E-B962-B395950F8C8C}.Debug|x86.ActiveCfg = Debug|Any CPU
		{D533A475-38F2-409E-B962-B395950F8C8C}.Debug|x86.Build.0 = Debug|Any CPU
		{D533A475-38F2-409E-B962-B395950F8C8C}.Release|Any CPU.ActiveCfg = Release|Any CPU
		{D533A475-38F2-409E-B962-B395950F8C8C}.Release|Any CPU.Build.0 = Release|Any CPU
		{D533A475-38F2-409E-B962-B395950F8C8C}.Release|x64.ActiveCfg = Release|Any CPU
		{D533A475-38F2-409E-B962-B395950F8C8C}.Release|x64.Build.0 = Release|Any CPU
		{D533A475-38F2-409E-B962-B395950F8C8C}.Release|x86.ActiveCfg = Release|Any CPU
		{D533A475-38F2-409E-B962-B395950F8C8C}.Release|x86.Build.0 = Release|Any CPU
		{C404AAE2-630C-4518-8E83-9FB68A39D417}.Debug|Any CPU.ActiveCfg = Debug|Any CPU
		{C404AAE2-630C-4518-8E83-9FB68A39D417}.Debug|Any CPU.Build.0 = Debug|Any CPU
		{C404AAE2-630C-4518-8E83-9FB68A39D417}.Debug|x64.ActiveCfg = Debug|Any CPU
		{C404AAE2-630C-4518-8E83-9FB68A39D417}.Debug|x64.Build.0 = Debug|Any CPU
		{C404AAE2-630C-4518-8E83-9FB68A39D417}.Debug|x86.ActiveCfg = Debug|Any CPU
		{C404AAE2-630C-4518-8E83-9FB68A39D417}.Debug|x86.Build.0 = Debug|Any CPU
		{C404AAE2-630C-4518-8E83-9FB68A39D417}.Release|Any CPU.ActiveCfg = Release|Any CPU
		{C404AAE2-630C-4518-8E83-9FB68A39D417}.Release|Any CPU.Build.0 = Release|Any CPU
		{C404AAE2-630C-4518-8E83-9FB68A39D417}.Release|x64.ActiveCfg = Release|Any CPU
		{C404AAE2-630C-4518-8E83-9FB68A39D417}.Release|x64.Build.0 = Release|Any CPU
		{C404AAE2-630C-4518-8E83-9FB68A39D417}.Release|x86.ActiveCfg = Release|Any CPU
		{C404AAE2-630C-4518-8E83-9FB68A39D417}.Release|x86.Build.0 = Release|Any CPU
		{70C7CE73-A1C9-4E05-8C17-F28804C32B44}.Debug|Any CPU.ActiveCfg = Debug|Any CPU
		{70C7CE73-A1C9-4E05-8C17-F28804C32B44}.Debug|Any CPU.Build.0 = Debug|Any CPU
		{70C7CE73-A1C9-4E05-8C17-F28804C32B44}.Debug|x64.ActiveCfg = Debug|Any CPU
		{70C7CE73-A1C9-4E05-8C17-F28804C32B44}.Debug|x64.Build.0 = Debug|Any CPU
		{70C7CE73-A1C9-4E05-8C17-F28804C32B44}.Debug|x86.ActiveCfg = Debug|Any CPU
		{70C7CE73-A1C9-4E05-8C17-F28804C32B44}.Debug|x86.Build.0 = Debug|Any CPU
		{70C7CE73-A1C9-4E05-8C17-F28804C32B44}.Release|Any CPU.ActiveCfg = Release|Any CPU
		{70C7CE73-A1C9-4E05-8C17-F28804C32B44}.Release|Any CPU.Build.0 = Release|Any CPU
		{70C7CE73-A1C9-4E05-8C17-F28804C32B44}.Release|x64.ActiveCfg = Release|Any CPU
		{70C7CE73-A1C9-4E05-8C17-F28804C32B44}.Release|x64.Build.0 = Release|Any CPU
		{70C7CE73-A1C9-4E05-8C17-F28804C32B44}.Release|x86.ActiveCfg = Release|Any CPU
		{70C7CE73-A1C9-4E05-8C17-F28804C32B44}.Release|x86.Build.0 = Release|Any CPU
		{DB575C86-220D-4B52-9F5A-FD49D300F44C}.Debug|Any CPU.ActiveCfg = Debug|Any CPU
		{DB575C86-220D-4B52-9F5A-FD49D300F44C}.Debug|Any CPU.Build.0 = Debug|Any CPU
		{DB575C86-220D-4B52-9F5A-FD49D300F44C}.Debug|x64.ActiveCfg = Debug|Any CPU
		{DB575C86-220D-4B52-9F5A-FD49D300F44C}.Debug|x64.Build.0 = Debug|Any CPU
		{DB575C86-220D-4B52-9F5A-FD49D300F44C}.Debug|x86.ActiveCfg = Debug|Any CPU
		{DB575C86-220D-4B52-9F5A-FD49D300F44C}.Debug|x86.Build.0 = Debug|Any CPU
		{DB575C86-220D-4B52-9F5A-FD49D300F44C}.Release|Any CPU.ActiveCfg = Release|Any CPU
		{DB575C86-220D-4B52-9F5A-FD49D300F44C}.Release|Any CPU.Build.0 = Release|Any CPU
		{DB575C86-220D-4B52-9F5A-FD49D300F44C}.Release|x64.ActiveCfg = Release|Any CPU
		{DB575C86-220D-4B52-9F5A-FD49D300F44C}.Release|x64.Build.0 = Release|Any CPU
		{DB575C86-220D-4B52-9F5A-FD49D300F44C}.Release|x86.ActiveCfg = Release|Any CPU
		{DB575C86-220D-4B52-9F5A-FD49D300F44C}.Release|x86.Build.0 = Release|Any CPU
	EndGlobalSection
EndGlobal
